{
  "nodes": {
    "crab-fit": {
      "flake": false,
      "locked": {
        "lastModified": 1690982468,
        "narHash": "sha256-jy8BrJSHukRenPbZHw4nPx3cSi7E2GSg//WOXDh90mY=",
        "owner": "GRA0007",
        "repo": "crab.fit",
        "rev": "628f9eefc300bf1ed3d6cc3323332c2ed9b8a350",
        "type": "github"
      },
      "original": {
        "owner": "GRA0007",
        "repo": "crab.fit",
        "type": "github"
      }
    },
    "dream2nix": {
      "inputs": {
        "nixpkgs": "nixpkgs",
        "purescript-overlay": "purescript-overlay",
        "pyproject-nix": "pyproject-nix"
      },
      "locked": {
        "lastModified": 1720881846,
        "narHash": "sha256-rIzRL9q4Jgay0bp4ljXo4iHIpxtn9hj7KWuLRmruqQI=",
        "owner": "nix-community",
        "repo": "dream2nix",
        "rev": "15d7ef5c34f0932b5241acaa4c305d62b87dee89",
        "type": "github"
      },
      "original": {
        "owner": "nix-community",
        "repo": "dream2nix",
        "type": "github"
      }
    },
    "logchecker": {
      "flake": false,
      "locked": {
        "lastModified": 1693771389,
        "narHash": "sha256-o0Pw/w+NKeL6haB+gObTK2xMJ78ZuOj7lmoJruaAuWQ=",
        "owner": "OPSnet",
        "repo": "Logchecker",
        "rev": "e71120ed6e39b69b69d6e30e0d2d4badef8fd1be",
        "type": "github"
      },
      "original": {
        "owner": "OPSnet",
        "ref": "0.11.1",
        "repo": "Logchecker",
        "type": "github"
      }
    },
    "nixpkgs": {
      "locked": {
        "lastModified": 1720181791,
        "narHash": "sha256-i4vJL12/AdyuQuviMMd1Hk2tsGt02hDNhA0Zj1m16N8=",
        "owner": "NixOS",
        "repo": "nixpkgs",
        "rev": "4284c2b73c8bce4b46a6adf23e16d9e2ec8da4bb",
        "type": "github"
      },
      "original": {
        "owner": "NixOS",
        "ref": "nixpkgs-unstable",
        "repo": "nixpkgs",
        "type": "github"
      }
    },
    "purescript-overlay": {
      "inputs": {
        "nixpkgs": [
          "dream2nix",
          "nixpkgs"
        ],
        "slimlock": "slimlock"
      },
      "locked": {
        "lastModified": 1696022621,
        "narHash": "sha256-eMjFmsj2G1E0Q5XiibUNgFjTiSz0GxIeSSzzVdoN730=",
        "owner": "thomashoneyman",
        "repo": "purescript-overlay",
        "rev": "047c7933abd6da8aa239904422e22d190ce55ead",
        "type": "github"
      },
      "original": {
        "owner": "thomashoneyman",
        "repo": "purescript-overlay",
        "type": "github"
      }
    },
    "pyproject-nix": {
      "flake": false,
      "locked": {
        "lastModified": 1702448246,
        "narHash": "sha256-hFg5s/hoJFv7tDpiGvEvXP0UfFvFEDgTdyHIjDVHu1I=",
        "owner": "davhau",
        "repo": "pyproject.nix",
        "rev": "5a06a2697b228c04dd2f35659b4b659ca74f7aeb",
        "type": "github"
      },
      "original": {
        "owner": "davhau",
        "ref": "dream2nix",
        "repo": "pyproject.nix",
        "type": "github"
      }
    },
    "root": {
      "inputs": {
        "crab-fit": "crab-fit",
        "dream2nix": "dream2nix",
        "logchecker": "logchecker",
        "nixpkgs": [
          "dream2nix",
          "nixpkgs"
        ]
      }
    },
    "slimlock": {
      "inputs": {
        "nixpkgs": [
          "dream2nix",
          "purescript-overlay",
          "nixpkgs"
        ]
      },
      "locked": {
        "lastModified": 1688610262,
        "narHash": "sha256-Wg0ViDotFWGWqKIQzyYCgayeH8s4U1OZcTiWTQYdAp4=",
        "owner": "thomashoneyman",
        "repo": "slimlock",
        "rev": "b5c6cdcaf636ebbebd0a1f32520929394493f1a6",
        "type": "github"
      },
      "original": {
        "owner": "thomashoneyman",
        "repo": "slimlock",
        "type": "github"
      }
    }
  },
  "root": "root",
  "version": 7
}
